// !$*UTF8*$!
{
	archiveVersion = 1;
	classes = {
	};
	objectVersion = 56;
	objects = {

/* Begin PBXBuildFile section */
		B63B53B0291EC13B00B3EF1D /* AppDelegate.swift in Sources */ = {isa = PBXBuildFile; fileRef = B63B53AF291EC13B00B3EF1D /* AppDelegate.swift */; };
		B63B53B2291EC13B00B3EF1D /* SceneDelegate.swift in Sources */ = {isa = PBXBuildFile; fileRef = B63B53B1291EC13B00B3EF1D /* SceneDelegate.swift */; };
		B63B53B4291EC13B00B3EF1D /* ViewController.swift in Sources */ = {isa = PBXBuildFile; fileRef = B63B53B3291EC13B00B3EF1D /* ViewController.swift */; };
		B63B53B7291EC13B00B3EF1D /* Main.storyboard in Resources */ = {isa = PBXBuildFile; fileRef = B63B53B5291EC13B00B3EF1D /* Main.storyboard */; };
		B63B53B9291EC13C00B3EF1D /* Assets.xcassets in Resources */ = {isa = PBXBuildFile; fileRef = B63B53B8291EC13C00B3EF1D /* Assets.xcassets */; };
		B63B53BC291EC13C00B3EF1D /* LaunchScreen.storyboard in Resources */ = {isa = PBXBuildFile; fileRef = B63B53BA291EC13C00B3EF1D /* LaunchScreen.storyboard */; };
		B63B53C7291EC13C00B3EF1D /* ToDoListTests.swift in Sources */ = {isa = PBXBuildFile; fileRef = B63B53C6291EC13C00B3EF1D /* ToDoListTests.swift */; };
		B63B53D1291EC13C00B3EF1D /* ToDoListUITests.swift in Sources */ = {isa = PBXBuildFile; fileRef = B63B53D0291EC13C00B3EF1D /* ToDoListUITests.swift */; };
		B63B53D3291EC13C00B3EF1D /* ToDoListUITestsLaunchTests.swift in Sources */ = {isa = PBXBuildFile; fileRef = B63B53D2291EC13C00B3EF1D /* ToDoListUITestsLaunchTests.swift */; };
/* End PBXBuildFile section */

/* Begin PBXContainerItemProxy section */
		B63B53C3291EC13C00B3EF1D /* PBXContainerItemProxy */ = {
			isa = PBXContainerItemProxy;
			containerPortal = B63B53A4291EC13B00B3EF1D /* Project object */;
			proxyType = 1;
			remoteGlobalIDString = B63B53AB291EC13B00B3EF1D;
			remoteInfo = ToDoList;
		};
		B63B53CD291EC13C00B3EF1D /* PBXContainerItemProxy */ = {
			isa = PBXContainerItemProxy;
			containerPortal = B63B53A4291EC13B00B3EF1D /* Project object */;
			proxyType = 1;
			remoteGlobalIDString = B63B53AB291EC13B00B3EF1D;
			remoteInfo = ToDoList;
		};
/* End PBXContainerItemProxy section */

/* Begin PBXFileReference section */
		B63B53AC291EC13B00B3EF1D /* ToDoList.app */ = {isa = PBXFileReference; explicitFileType = wrapper.application; includeInIndex = 0; path = ToDoList.app; sourceTree = BUILT_PRODUCTS_DIR; };
		B63B53AF291EC13B00B3EF1D /* AppDelegate.swift */ = {isa = PBXFileReference; lastKnownFileType = sourcecode.swift; path = AppDelegate.swift; sourceTree = "<group>"; };
		B63B53B1291EC13B00B3EF1D /* SceneDelegate.swift */ = {isa = PBXFileReference; lastKnownFileType = sourcecode.swift; path = SceneDelegate.swift; sourceTree = "<group>"; };
		B63B53B3291EC13B00B3EF1D /* ViewController.swift */ = {isa = PBXFileReference; lastKnownFileType = sourcecode.swift; path = ViewController.swift; sourceTree = "<group>"; };
		B63B53B6291EC13B00B3EF1D /* Base */ = {isa = PBXFileReference; lastKnownFileType = file.storyboard; name = Base; path = Base.lproj/Main.storyboard; sourceTree = "<group>"; };
		B63B53B8291EC13C00B3EF1D /* Assets.xcassets */ = {isa = PBXFileReference; lastKnownFileType = folder.assetcatalog; path = Assets.xcassets; sourceTree = "<group>"; };
		B63B53BB291EC13C00B3EF1D /* Base */ = {isa = PBXFileReference; lastKnownFileType = file.storyboard; name = Base; path = Base.lproj/LaunchScreen.storyboard; sourceTree = "<group>"; };
		B63B53BD291EC13C00B3EF1D /* Info.plist */ = {isa = PBXFileReference; lastKnownFileType = text.plist.xml; path = Info.plist; sourceTree = "<group>"; };
		B63B53C2291EC13C00B3EF1D /* ToDoListTests.xctest */ = {isa = PBXFileReference; explicitFileType = wrapper.cfbundle; includeInIndex = 0; path = ToDoListTests.xctest; sourceTree = BUILT_PRODUCTS_DIR; };
		B63B53C6291EC13C00B3EF1D /* ToDoListTests.swift */ = {isa = PBXFileReference; lastKnownFileType = sourcecode.swift; path = ToDoListTests.swift; sourceTree = "<group>"; };
		B63B53CC291EC13C00B3EF1D /* ToDoListUITests.xctest */ = {isa = PBXFileReference; explicitFileType = wrapper.cfbundle; includeInIndex = 0; path = ToDoListUITests.xctest; sourceTree = BUILT_PRODUCTS_DIR; };
		B63B53D0291EC13C00B3EF1D /* ToDoListUITests.swift */ = {isa = PBXFileReference; lastKnownFileType = sourcecode.swift; path = ToDoListUITests.swift; sourceTree = "<group>"; };
		B63B53D2291EC13C00B3EF1D /* ToDoListUITestsLaunchTests.swift */ = {isa = PBXFileReference; lastKnownFileType = sourcecode.swift; path = ToDoListUITestsLaunchTests.swift; sourceTree = "<group>"; };
/* End PBXFileReference section */

/* Begin PBXFrameworksBuildPhase section */
		B63B53A9291EC13B00B3EF1D /* Frameworks */ = {
			isa = PBXFrameworksBuildPhase;
			buildActionMask = 2147483647;
			files = (
			);
			runOnlyForDeploymentPostprocessing = 0;
		};
		B63B53BF291EC13C00B3EF1D /* Frameworks */ = {
			isa = PBXFrameworksBuildPhase;
			buildActionMask = 2147483647;
			files = (
			);
			runOnlyForDeploymentPostprocessing = 0;
		};
		B63B53C9291EC13C00B3EF1D /* Frameworks */ = {
			isa = PBXFrameworksBuildPhase;
			buildActionMask = 2147483647;
			files = (
			);
			runOnlyForDeploymentPostprocessing = 0;
		};
/* End PBXFrameworksBuildPhase section */

/* Begin PBXGroup section */
		B63B53A3291EC13B00B3EF1D = {
			isa = PBXGroup;
			children = (
				B63B53AE291EC13B00B3EF1D /* ToDoList */,
				B63B53C5291EC13C00B3EF1D /* ToDoListTests */,
				B63B53CF291EC13C00B3EF1D /* ToDoListUITests */,
				B63B53AD291EC13B00B3EF1D /* Products */,
			);
			sourceTree = "<group>";
		};
		B63B53AD291EC13B00B3EF1D /* Products */ = {
			isa = PBXGroup;
			children = (
				B63B53AC291EC13B00B3EF1D /* ToDoList.app */,
				B63B53C2291EC13C00B3EF1D /* ToDoListTests.xctest */,
				B63B53CC291EC13C00B3EF1D /* ToDoListUITests.xctest */,
			);
			name = Products;
			sourceTree = "<group>";
		};
		B63B53AE291EC13B00B3EF1D /* ToDoList */ = {
			isa = PBXGroup;
			children = (
				B63B53AF291EC13B00B3EF1D /* AppDelegate.swift */,
				B63B53B1291EC13B00B3EF1D /* SceneDelegate.swift */,
				B63B53B3291EC13B00B3EF1D /* ViewController.swift */,
				B63B53B5291EC13B00B3EF1D /* Main.storyboard */,
				B63B53B8291EC13C00B3EF1D /* Assets.xcassets */,
				B63B53BA291EC13C00B3EF1D /* LaunchScreen.storyboard */,
				B63B53BD291EC13C00B3EF1D /* Info.plist */,
			);
			path = ToDoList;
			sourceTree = "<group>";
		};
		B63B53C5291EC13C00B3EF1D /* ToDoListTests */ = {
			isa = PBXGroup;
			children = (
				B63B53C6291EC13C00B3EF1D /* ToDoListTests.swift */,
			);
			path = ToDoListTests;
			sourceTree = "<group>";
		};
		B63B53CF291EC13C00B3EF1D /* ToDoListUITests */ = {
			isa = PBXGroup;
			children = (
				B63B53D0291EC13C00B3EF1D /* ToDoListUITests.swift */,
				B63B53D2291EC13C00B3EF1D /* ToDoListUITestsLaunchTests.swift */,
			);
			path = ToDoListUITests;
			sourceTree = "<group>";
		};
/* End PBXGroup section */

/* Begin PBXNativeTarget section */
		B63B53AB291EC13B00B3EF1D /* ToDoList */ = {
			isa = PBXNativeTarget;
			buildConfigurationList = B63B53D6291EC13C00B3EF1D /* Build configuration list for PBXNativeTarget "ToDoList" */;
			buildPhases = (
				B63B53A8291EC13B00B3EF1D /* Sources */,
				B63B53A9291EC13B00B3EF1D /* Frameworks */,
				B63B53AA291EC13B00B3EF1D /* Resources */,
			);
			buildRules = (
			);
			dependencies = (
			);
			name = ToDoList;
			productName = ToDoList;
			productReference = B63B53AC291EC13B00B3EF1D /* ToDoList.app */;
			productType = "com.apple.product-type.application";
		};
		B63B53C1291EC13C00B3EF1D /* ToDoListTests */ = {
			isa = PBXNativeTarget;
			buildConfigurationList = B63B53D9291EC13C00B3EF1D /* Build configuration list for PBXNativeTarget "ToDoListTests" */;
			buildPhases = (
				B63B53BE291EC13C00B3EF1D /* Sources */,
				B63B53BF291EC13C00B3EF1D /* Frameworks */,
				B63B53C0291EC13C00B3EF1D /* Resources */,
			);
			buildRules = (
			);
			dependencies = (
				B63B53C4291EC13C00B3EF1D /* PBXTargetDependency */,
			);
			name = ToDoListTests;
			productName = ToDoListTests;
			productReference = B63B53C2291EC13C00B3EF1D /* ToDoListTests.xctest */;
			productType = "com.apple.product-type.bundle.unit-test";
		};
		B63B53CB291EC13C00B3EF1D /* ToDoListUITests */ = {
			isa = PBXNativeTarget;
			buildConfigurationList = B63B53DC291EC13C00B3EF1D /* Build configuration list for PBXNativeTarget "ToDoListUITests" */;
			buildPhases = (
				B63B53C8291EC13C00B3EF1D /* Sources */,
				B63B53C9291EC13C00B3EF1D /* Frameworks */,
				B63B53CA291EC13C00B3EF1D /* Resources */,
			);
			buildRules = (
			);
			dependencies = (
				B63B53CE291EC13C00B3EF1D /* PBXTargetDependency */,
			);
			name = ToDoListUITests;
			productName = ToDoListUITests;
			productReference = B63B53CC291EC13C00B3EF1D /* ToDoListUITests.xctest */;
			productType = "com.apple.product-type.bundle.ui-testing";
		};
/* End PBXNativeTarget section */

/* Begin PBXProject section */
		B63B53A4291EC13B00B3EF1D /* Project object */ = {
			isa = PBXProject;
			attributes = {
				BuildIndependentTargetsInParallel = 1;
				LastSwiftUpdateCheck = 1400;
				LastUpgradeCheck = 1400;
				TargetAttributes = {
					B63B53AB291EC13B00B3EF1D = {
						CreatedOnToolsVersion = 14.0.1;
					};
					B63B53C1291EC13C00B3EF1D = {
						CreatedOnToolsVersion = 14.0.1;
						TestTargetID = B63B53AB291EC13B00B3EF1D;
					};
					B63B53CB291EC13C00B3EF1D = {
						CreatedOnToolsVersion = 14.0.1;
						TestTargetID = B63B53AB291EC13B00B3EF1D;
					};
				};
			};
			buildConfigurationList = B63B53A7291EC13B00B3EF1D /* Build configuration list for PBXProject "ToDoList" */;
			compatibilityVersion = "Xcode 14.0";
			developmentRegion = en;
			hasScannedForEncodings = 0;
			knownRegions = (
				en,
				Base,
			);
			mainGroup = B63B53A3291EC13B00B3EF1D;
			productRefGroup = B63B53AD291EC13B00B3EF1D /* Products */;
			projectDirPath = "";
			projectRoot = "";
			targets = (
				B63B53AB291EC13B00B3EF1D /* ToDoList */,
				B63B53C1291EC13C00B3EF1D /* ToDoListTests */,
				B63B53CB291EC13C00B3EF1D /* ToDoListUITests */,
			);
		};
/* End PBXProject section */

/* Begin PBXResourcesBuildPhase section */
		B63B53AA291EC13B00B3EF1D /* Resources */ = {
			isa = PBXResourcesBuildPhase;
			buildActionMask = 2147483647;
			files = (
				B63B53BC291EC13C00B3EF1D /* LaunchScreen.storyboard in Resources */,
				B63B53B9291EC13C00B3EF1D /* Assets.xcassets in Resources */,
				B63B53B7291EC13B00B3EF1D /* Main.storyboard in Resources */,
			);
			runOnlyForDeploymentPostprocessing = 0;
		};
		B63B53C0291EC13C00B3EF1D /* Resources */ = {
			isa = PBXResourcesBuildPhase;
			buildActionMask = 2147483647;
			files = (
			);
			runOnlyForDeploymentPostprocessing = 0;
		};
		B63B53CA291EC13C00B3EF1D /* Resources */ = {
			isa = PBXResourcesBuildPhase;
			buildActionMask = 2147483647;
			files = (
			);
			runOnlyForDeploymentPostprocessing = 0;
		};
/* End PBXResourcesBuildPhase section */

/* Begin PBXSourcesBuildPhase section */
		B63B53A8291EC13B00B3EF1D /* Sources */ = {
			isa = PBXSourcesBuildPhase;
			buildActionMask = 2147483647;
			files = (
				B63B53B4291EC13B00B3EF1D /* ViewController.swift in Sources */,
				B63B53B0291EC13B00B3EF1D /* AppDelegate.swift in Sources */,
				B63B53B2291EC13B00B3EF1D /* SceneDelegate.swift in Sources */,
			);
			runOnlyForDeploymentPostprocessing = 0;
		};
		B63B53BE291EC13C00B3EF1D /* Sources */ = {
			isa = PBXSourcesBuildPhase;
			buildActionMask = 2147483647;
			files = (
				B63B53C7291EC13C00B3EF1D /* ToDoListTests.swift in Sources */,
			);
			runOnlyForDeploymentPostprocessing = 0;
		};
		B63B53C8291EC13C00B3EF1D /* Sources */ = {
			isa = PBXSourcesBuildPhase;
			buildActionMask = 2147483647;
			files = (
				B63B53D3291EC13C00B3EF1D /* ToDoListUITestsLaunchTests.swift in Sources */,
				B63B53D1291EC13C00B3EF1D /* ToDoListUITests.swift in Sources */,
			);
			runOnlyForDeploymentPostprocessing = 0;
		};
/* End PBXSourcesBuildPhase section */

/* Begin PBXTargetDependency section */
		B63B53C4291EC13C00B3EF1D /* PBXTargetDependency */ = {
			isa = PBXTargetDependency;
			target = B63B53AB291EC13B00B3EF1D /* ToDoList */;
			targetProxy = B63B53C3291EC13C00B3EF1D /* PBXContainerItemProxy */;
		};
		B63B53CE291EC13C00B3EF1D /* PBXTargetDependency */ = {
			isa = PBXTargetDependency;
			target = B63B53AB291EC13B00B3EF1D /* ToDoList */;
			targetProxy = B63B53CD291EC13C00B3EF1D /* PBXContainerItemProxy */;
		};
/* End PBXTargetDependency section */

/* Begin PBXVariantGroup section */
		B63B53B5291EC13B00B3EF1D /* Main.storyboard */ = {
			isa = PBXVariantGroup;
			children = (
				B63B53B6291EC13B00B3EF1D /* Base */,
			);
			name = Main.storyboard;
			sourceTree = "<group>";
		};
		B63B53BA291EC13C00B3EF1D /* LaunchScreen.storyboard */ = {
			isa = PBXVariantGroup;
			children = (
				B63B53BB291EC13C00B3EF1D /* Base */,
			);
			name = LaunchScreen.storyboard;
			sourceTree = "<group>";
		};
/* End PBXVariantGroup section */

/* Begin XCBuildConfiguration section */
		B63B53D4291EC13C00B3EF1D /* Debug */ = {
			isa = XCBuildConfiguration;
			buildSettings = {
				ALWAYS_SEARCH_USER_PATHS = NO;
				CLANG_ANALYZER_NONNULL = YES;
				CLANG_ANALYZER_NUMBER_OBJECT_CONVERSION = YES_AGGRESSIVE;
				CLANG_CXX_LANGUAGE_STANDARD = "gnu++20";
				CLANG_ENABLE_MODULES = YES;
				CLANG_ENABLE_OBJC_ARC = YES;
				CLANG_ENABLE_OBJC_WEAK = YES;
				CLANG_WARN_BLOCK_CAPTURE_AUTORELEASING = YES;
				CLANG_WARN_BOOL_CONVERSION = YES;
				CLANG_WARN_COMMA = YES;
				CLANG_WARN_CONSTANT_CONVERSION = YES;
				CLANG_WARN_DEPRECATED_OBJC_IMPLEMENTATIONS = YES;
				CLANG_WARN_DIRECT_OBJC_ISA_USAGE = YES_ERROR;
				CLANG_WARN_DOCUMENTATION_COMMENTS = YES;
				CLANG_WARN_EMPTY_BODY = YES;
				CLANG_WARN_ENUM_CONVERSION = YES;
				CLANG_WARN_INFINITE_RECURSION = YES;
				CLANG_WARN_INT_CONVERSION = YES;
				CLANG_WARN_NON_LITERAL_NULL_CONVERSION = YES;
				CLANG_WARN_OBJC_IMPLICIT_RETAIN_SELF = YES;
				CLANG_WARN_OBJC_LITERAL_CONVERSION = YES;
				CLANG_WARN_OBJC_ROOT_CLASS = YES_ERROR;
				CLANG_WARN_QUOTED_INCLUDE_IN_FRAMEWORK_HEADER = YES;
				CLANG_WARN_RANGE_LOOP_ANALYSIS = YES;
				CLANG_WARN_STRICT_PROTOTYPES = YES;
				CLANG_WARN_SUSPICIOUS_MOVE = YES;
				CLANG_WARN_UNGUARDED_AVAILABILITY = YES_AGGRESSIVE;
				CLANG_WARN_UNREACHABLE_CODE = YES;
				CLANG_WARN__DUPLICATE_METHOD_MATCH = YES;
				COPY_PHASE_STRIP = NO;
				DEBUG_INFORMATION_FORMAT = dwarf;
				ENABLE_STRICT_OBJC_MSGSEND = YES;
				ENABLE_TESTABILITY = YES;
				GCC_C_LANGUAGE_STANDARD = gnu11;
				GCC_DYNAMIC_NO_PIC = NO;
				GCC_NO_COMMON_BLOCKS = YES;
				GCC_OPTIMIZATION_LEVEL = 0;
				GCC_PREPROCESSOR_DEFINITIONS = (
					"DEBUG=1",
					"$(inherited)",
				);
				GCC_WARN_64_TO_32_BIT_CONVERSION = YES;
				GCC_WARN_ABOUT_RETURN_TYPE = YES_ERROR;
				GCC_WARN_UNDECLARED_SELECTOR = YES;
				GCC_WARN_UNINITIALIZED_AUTOS = YES_AGGRESSIVE;
				GCC_WARN_UNUSED_FUNCTION = YES;
				GCC_WARN_UNUSED_VARIABLE = YES;
				IPHONEOS_DEPLOYMENT_TARGET = 16.0;
				MTL_ENABLE_DEBUG_INFO = INCLUDE_SOURCE;
				MTL_FAST_MATH = YES;
				ONLY_ACTIVE_ARCH = YES;
				SDKROOT = iphoneos;
				SWIFT_ACTIVE_COMPILATION_CONDITIONS = DEBUG;
				SWIFT_OPTIMIZATION_LEVEL = "-Onone";
			};
			name = Debug;
		};
		B63B53D5291EC13C00B3EF1D /* Release */ = {
			isa = XCBuildConfiguration;
			buildSettings = {
				ALWAYS_SEARCH_USER_PATHS = NO;
				CLANG_ANALYZER_NONNULL = YES;
				CLANG_ANALYZER_NUMBER_OBJECT_CONVERSION = YES_AGGRESSIVE;
				CLANG_CXX_LANGUAGE_STANDARD = "gnu++20";
				CLANG_ENABLE_MODULES = YES;
				CLANG_ENABLE_OBJC_ARC = YES;
				CLANG_ENABLE_OBJC_WEAK = YES;
				CLANG_WARN_BLOCK_CAPTURE_AUTORELEASING = YES;
				CLANG_WARN_BOOL_CONVERSION = YES;
				CLANG_WARN_COMMA = YES;
				CLANG_WARN_CONSTANT_CONVERSION = YES;
				CLANG_WARN_DEPRECATED_OBJC_IMPLEMENTATIONS = YES;
				CLANG_WARN_DIRECT_OBJC_ISA_USAGE = YES_ERROR;
				CLANG_WARN_DOCUMENTATION_COMMENTS = YES;
				CLANG_WARN_EMPTY_BODY = YES;
				CLANG_WARN_ENUM_CONVERSION = YES;
				CLANG_WARN_INFINITE_RECURSION = YES;
				CLANG_WARN_INT_CONVERSION = YES;
				CLANG_WARN_NON_LITERAL_NULL_CONVERSION = YES;
				CLANG_WARN_OBJC_IMPLICIT_RETAIN_SELF = YES;
				CLANG_WARN_OBJC_LITERAL_CONVERSION = YES;
				CLANG_WARN_OBJC_ROOT_CLASS = YES_ERROR;
				CLANG_WARN_QUOTED_INCLUDE_IN_FRAMEWORK_HEADER = YES;
				CLANG_WARN_RANGE_LOOP_ANALYSIS = YES;
				CLANG_WARN_STRICT_PROTOTYPES = YES;
				CLANG_WARN_SUSPICIOUS_MOVE = YES;
				CLANG_WARN_UNGUARDED_AVAILABILITY = YES_AGGRESSIVE;
				CLANG_WARN_UNREACHABLE_CODE = YES;
				CLANG_WARN__DUPLICATE_METHOD_MATCH = YES;
				COPY_PHASE_STRIP = NO;
				DEBUG_INFORMATION_FORMAT = "dwarf-with-dsym";
				ENABLE_NS_ASSERTIONS = NO;
				ENABLE_STRICT_OBJC_MSGSEND = YES;
				GCC_C_LANGUAGE_STANDARD = gnu11;
				GCC_NO_COMMON_BLOCKS = YES;
				GCC_WARN_64_TO_32_BIT_CONVERSION = YES;
				GCC_WARN_ABOUT_RETURN_TYPE = YES_ERROR;
				GCC_WARN_UNDECLARED_SELECTOR = YES;
				GCC_WARN_UNINITIALIZED_AUTOS = YES_AGGRESSIVE;
				GCC_WARN_UNUSED_FUNCTION = YES;
				GCC_WARN_UNUSED_VARIABLE = YES;
				IPHONEOS_DEPLOYMENT_TARGET = 16.0;
				MTL_ENABLE_DEBUG_INFO = NO;
				MTL_FAST_MATH = YES;
				SDKROOT = iphoneos;
				SWIFT_COMPILATION_MODE = wholemodule;
				SWIFT_OPTIMIZATION_LEVEL = "-O";
				VALIDATE_PRODUCT = YES;
			};
			name = Release;
		};
		B63B53D7291EC13C00B3EF1D /* Debug */ = {
			isa = XCBuildConfiguration;
			buildSettings = {
				ASSETCATALOG_COMPILER_APPICON_NAME = AppIcon;
				ASSETCATALOG_COMPILER_GLOBAL_ACCENT_COLOR_NAME = AccentColor;
				CODE_SIGN_STYLE = Automatic;
				CURRENT_PROJECT_VERSION = 1;
				DEVELOPMENT_TEAM = FT9F94FWNN;
				GENERATE_INFOPLIST_FILE = YES;
				INFOPLIST_FILE = ToDoList/Info.plist;
				INFOPLIST_KEY_UIApplicationSupportsIndirectInputEvents = YES;
				INFOPLIST_KEY_UILaunchStoryboardName = LaunchScreen;
				INFOPLIST_KEY_UIMainStoryboardFile = Main;
				INFOPLIST_KEY_UISupportedInterfaceOrientations = UIInterfaceOrientationPortrait;
				LD_RUNPATH_SEARCH_PATHS = (
					"$(inherited)",
					"@executable_path/Frameworks",
				);
				MARKETING_VERSION = 1.0;
				PRODUCT_BUNDLE_IDENTIFIER = "Kowndinya-Varanasi.ToDoList";
				PRODUCT_NAME = "$(TARGET_NAME)";
				SWIFT_EMIT_LOC_STRINGS = YES;
				SWIFT_VERSION = 5.0;
				TARGETED_DEVICE_FAMILY = "1,2";
			};
			name = Debug;
		};
		B63B53D8291EC13C00B3EF1D /* Release */ = {
			isa = XCBuildConfiguration;
			buildSettings = {
				ASSETCATALOG_COMPILER_APPICON_NAME = AppIcon;
				ASSETCATALOG_COMPILER_GLOBAL_ACCENT_COLOR_NAME = AccentColor;
				CODE_SIGN_STYLE = Automatic;
				CURRENT_PROJECT_VERSION = 1;
				DEVELOPMENT_TEAM = FT9F94FWNN;
				GENERATE_INFOPLIST_FILE = YES;
				INFOPLIST_FILE = ToDoList/Info.plist;
				INFOPLIST_KEY_UIApplicationSupportsIndirectInputEvents = YES;
				INFOPLIST_KEY_UILaunchStoryboardName = LaunchScreen;
				INFOPLIST_KEY_UIMainStoryboardFile = Main;
				INFOPLIST_KEY_UISupportedInterfaceOrientations = UIInterfaceOrientationPortrait;
				LD_RUNPATH_SEARCH_PATHS = (
					"$(inherited)",
					"@executable_path/Frameworks",
				);
				MARKETING_VERSION = 1.0;
				PRODUCT_BUNDLE_IDENTIFIER = "Kowndinya-Varanasi.ToDoList";
				PRODUCT_NAME = "$(TARGET_NAME)";
				SWIFT_EMIT_LOC_STRINGS = YES;
				SWIFT_VERSION = 5.0;
				TARGETED_DEVICE_FAMILY = "1,2";
			};
			name = Release;
		};
		B63B53DA291EC13C00B3EF1D /* Debug */ = {
			isa = XCBuildConfiguration;
			buildSettings = {
				ALWAYS_EMBED_SWIFT_STANDARD_LIBRARIES = YES;
				BUNDLE_LOADER = "$(TEST_HOST)";
				CODE_SIGN_STYLE = Automatic;
				CURRENT_PROJECT_VERSION = 1;
				DEVELOPMENT_TEAM = FT9F94FWNN;
				GENERATE_INFOPLIST_FILE = YES;
				IPHONEOS_DEPLOYMENT_TARGET = 16.0;
				MARKETING_VERSION = 1.0;
				PRODUCT_BUNDLE_IDENTIFIER = "Kowndinya-Varanasi.ToDoListTests";
				PRODUCT_NAME = "$(TARGET_NAME)";
				SWIFT_EMIT_LOC_STRINGS = NO;
				SWIFT_VERSION = 5.0;
				TARGETED_DEVICE_FAMILY = "1,2";
				TEST_HOST = "$(BUILT_PRODUCTS_DIR)/ToDoList.app/$(BUNDLE_EXECUTABLE_FOLDER_PATH)/ToDoList";
			};
			name = Debug;
		};
		B63B53DB291EC13C00B3EF1D /* Release */ = {
			isa = XCBuildConfiguration;
			buildSettings = {
				ALWAYS_EMBED_SWIFT_STANDARD_LIBRARIES = YES;
				BUNDLE_LOADER = "$(TEST_HOST)";
				CODE_SIGN_STYLE = Automatic;
				CURRENT_PROJECT_VERSION = 1;
				DEVELOPMENT_TEAM = FT9F94FWNN;
				GENERATE_INFOPLIST_FILE = YES;
				IPHONEOS_DEPLOYMENT_TARGET = 16.0;
				MARKETING_VERSION = 1.0;
				PRODUCT_BUNDLE_IDENTIFIER = "Kowndinya-Varanasi.ToDoListTests";
				PRODUCT_NAME = "$(TARGET_NAME)";
				SWIFT_EMIT_LOC_STRINGS = NO;
				SWIFT_VERSION = 5.0;
				TARGETED_DEVICE_FAMILY = "1,2";
				TEST_HOST = "$(BUILT_PRODUCTS_DIR)/ToDoList.app/$(BUNDLE_EXECUTABLE_FOLDER_PATH)/ToDoList";
			};
			name = Release;
		};
		B63B53DD291EC13C00B3EF1D /* Debug */ = {
			isa = XCBuildConfiguration;
			buildSettings = {
				ALWAYS_EMBED_SWIFT_STANDARD_LIBRARIES = YES;
				CODE_SIGN_STYLE = Automatic;
				CURRENT_PROJECT_VERSION = 1;
				DEVELOPMENT_TEAM = FT9F94FWNN;
				GENERATE_INFOPLIST_FILE = YES;
				MARKETING_VERSION = 1.0;
				PRODUCT_BUNDLE_IDENTIFIER = "Kowndinya-Varanasi.ToDoListUITests";
				PRODUCT_NAME = "$(TARGET_NAME)";
				SWIFT_EMIT_LOC_STRINGS = NO;
				SWIFT_VERSION = 5.0;
				TARGETED_DEVICE_FAMILY = "1,2";
				TEST_TARGET_NAME = ToDoList;
			};
			name = Debug;
		};
		B63B53DE291EC13C00B3EF1D /* Release */ = {
			isa = XCBuildConfiguration;
			buildSettings = {
				ALWAYS_EMBED_SWIFT_STANDARD_LIBRARIES = YES;
				CODE_SIGN_STYLE = Automatic;
				CURRENT_PROJECT_VERSION = 1;
				DEVELOPMENT_TEAM = FT9F94FWNN;
				GENERATE_INFOPLIST_FILE = YES;
				MARKETING_VERSION = 1.0;
				PRODUCT_BUNDLE_IDENTIFIER = "Kowndinya-Varanasi.ToDoListUITests";
				PRODUCT_NAME = "$(TARGET_NAME)";
				SWIFT_EMIT_LOC_STRINGS = NO;
				SWIFT_VERSION = 5.0;
				TARGETED_DEVICE_FAMILY = "1,2";
				TEST_TARGET_NAME = ToDoList;
			};
			name = Release;
		};
/* End XCBuildConfiguration section */

/* Begin XCConfigurationList section */
		B63B53A7291EC13B00B3EF1D /* Build configuration list for PBXProject "ToDoList" */ = {
			isa = XCConfigurationList;
			buildConfigurations = (
				B63B53D4291EC13C00B3EF1D /* Debug */,
				B63B53D5291EC13C00B3EF1D /* Release */,
			);
			defaultConfigurationIsVisible = 0;
			defaultConfigurationName = Release;
		};
		B63B53D6291EC13C00B3EF1D /* Build configuration list for PBXNativeTarget "ToDoList" */ = {
			isa = XCConfigurationList;
			buildConfigurations = (
				B63B53D7291EC13C00B3EF1D /* Debug */,
				B63B53D8291EC13C00B3EF1D /* Release */,
			);
			defaultConfigurationIsVisible = 0;
			defaultConfigurationName = Release;
		};
		B63B53D9291EC13C00B3EF1D /* Build configuration list for PBXNativeTarget "ToDoListTests" */ = {
			isa = XCConfigurationList;
			buildConfigurations = (
				B63B53DA291EC13C00B3EF1D /* Debug */,
				B63B53DB291EC13C00B3EF1D /* Release */,
			);
			defaultConfigurationIsVisible = 0;
			defaultConfigurationName = Release;
		};
		B63B53DC291EC13C00B3EF1D /* Build configuration list for PBXNativeTarget "ToDoListUITests" */ = {
			isa = XCConfigurationList;
			buildConfigurations = (
				B63B53DD291EC13C00B3EF1D /* Debug */,
				B63B53DE291EC13C00B3EF1D /* Release */,
			);
			defaultConfigurationIsVisible = 0;
			defaultConfigurationName = Release;
		};
/* End XCConfigurationList section */
	};
	rootObject = B63B53A4291EC13B00B3EF1D /* Project object */;
}
